# This file is automatically @generated by Cargo.
# It is not intended for manual editing.
version = 3

[[package]]
name = "adler"
version = "1.0.2"
source = "registry+https://github.com/rust-lang/crates.io-index"
checksum = "f26201604c87b1e01bd3d98f8d5d9a8fcbb815e8cedb41ffccbeb4bf593a35fe"

[[package]]
name = "aho-corasick"
version = "0.7.18"
source = "registry+https://github.com/rust-lang/crates.io-index"
checksum = "1e37cfd5e7657ada45f742d6e99ca5788580b5c529dc78faf11ece6dc702656f"
dependencies = [
 "memchr",
]

[[package]]
name = "autocfg"
version = "1.1.0"
source = "registry+https://github.com/rust-lang/crates.io-index"
checksum = "d468802bab17cbc0cc575e9b053f41e72aa36bfa6b7f55e3529ffa43161b97fa"

[[package]]
name = "cc"
version = "1.0.73"
source = "registry+https://github.com/rust-lang/crates.io-index"
checksum = "2fff2a6927b3bb87f9595d67196a70493f627687a71d87a0d692242c33f58c11"

[[package]]
name = "cfg-if"
version = "1.0.0"
source = "registry+https://github.com/rust-lang/crates.io-index"
checksum = "baf1de4339761588bc0619e3cbc0120ee582ebb74b53b4efbf79117bd2da40fd"

[[package]]
name = "cmake"
version = "0.1.48"
source = "registry+https://github.com/rust-lang/crates.io-index"
checksum = "e8ad8cef104ac57b68b89df3208164d228503abbdce70f6880ffa3d970e7443a"
dependencies = [
 "cc",
]

[[package]]
name = "crc32fast"
version = "1.3.2"
source = "registry+https://github.com/rust-lang/crates.io-index"
checksum = "b540bd8bc810d3885c6ea91e2018302f68baba2129ab3e88f32389ee9370880d"
dependencies = [
 "cfg-if",
]

[[package]]
name = "cslice"
version = "0.2.0"
source = "registry+https://github.com/rust-lang/crates.io-index"
checksum = "697c714f50560202b1f4e2e09cd50a421881c83e9025db75d15f276616f04f40"

[[package]]
name = "flate2"
version = "1.0.24"
source = "registry+https://github.com/rust-lang/crates.io-index"
checksum = "f82b0f4c27ad9f8bfd1f3208d882da2b09c301bc1c828fd3a00d0216d2fbbff6"
dependencies = [
 "crc32fast",
 "libz-ng-sys",
 "miniz_oxide",
]

[[package]]
name = "hashbrown"
version = "0.11.2"
source = "registry+https://github.com/rust-lang/crates.io-index"
checksum = "ab5ef0d4909ef3724cc8cce6ccc8572c5c817592e9285f5464f8e86f8bd3726e"

[[package]]
name = "indexmap"
version = "1.8.2"
source = "registry+https://github.com/rust-lang/crates.io-index"
checksum = "e6012d540c5baa3589337a98ce73408de9b5a25ec9fc2c6fd6be8f0d39e0ca5a"
dependencies = [
 "autocfg",
 "hashbrown",
]

[[package]]
name = "itoa"
version = "1.0.2"
source = "registry+https://github.com/rust-lang/crates.io-index"
checksum = "112c678d4050afce233f4f2852bb2eb519230b3cf12f33585275537d7e41578d"

[[package]]
name = "libc"
version = "0.2.126"
source = "registry+https://github.com/rust-lang/crates.io-index"
checksum = "349d5a591cd28b49e1d1037471617a32ddcda5731b99419008085f72d5a53836"

[[package]]
name = "libz-ng-sys"
version = "1.1.8"
source = "registry+https://github.com/rust-lang/crates.io-index"
checksum = "4399ae96a9966bf581e726de86969f803a81b7ce795fcd5480e640589457e0f2"
dependencies = [
 "cmake",
 "libc",
]

[[package]]
name = "memchr"
version = "2.5.0"
source = "registry+https://github.com/rust-lang/crates.io-index"
checksum = "2dffe52ecf27772e601905b7522cb4ef790d2cc203488bbd0e2fe85fcb74566d"

[[package]]
name = "miniz_oxide"
version = "0.5.3"
source = "registry+https://github.com/rust-lang/crates.io-index"
checksum = "6f5c75688da582b8ffc1f1799e9db273f32133c49e048f614d22ec3256773ccc"
dependencies = [
 "adler",
]

[[package]]
name = "neon"
version = "0.8.3"
source = "registry+https://github.com/rust-lang/crates.io-index"
checksum = "05c562b89fa7f9707f02056abe25a37ec290ca4a4f1596edbd7aa1aa7b87af1d"
dependencies = [
 "cslice",
 "neon-build",
 "neon-runtime",
 "semver",
 "smallvec",
]

[[package]]
name = "neon-build"
version = "0.8.3"
source = "registry+https://github.com/rust-lang/crates.io-index"
checksum = "f9c55f6d310757b9fe6cd96a376609548a252da31828f935a7f59106533a89e9"
dependencies = [
 "neon-sys",
]

[[package]]
name = "neon-runtime"
version = "0.8.3"
source = "registry+https://github.com/rust-lang/crates.io-index"
checksum = "be313e6cf11f469653ee1b137b9203f5d604f2b496d423e96c5e251b51eead03"
dependencies = [
 "cfg-if",
 "neon-sys",
 "smallvec",
]

[[package]]
name = "neon-sys"
version = "0.8.3"
source = "registry+https://github.com/rust-lang/crates.io-index"
checksum = "fe7311a8aca212437bb95c4e5eb94b19a4c360440db118021cd90c3d63387613"
dependencies = [
 "cc",
 "regex",
]

[[package]]
name = "node-weakauras-parser"
version = "3.1.5"
dependencies = [
 "flate2",
 "indexmap",
 "itoa",
 "neon",
 "neon-build",
 "ryu",
 "serde_json",
]

[[package]]
name = "regex"
version = "1.5.6"
source = "registry+https://github.com/rust-lang/crates.io-index"
checksum = "d83f127d94bdbcda4c8cc2e50f6f84f4b611f69c902699ca385a39c3a75f9ff1"
dependencies = [
 "aho-corasick",
 "memchr",
 "regex-syntax",
]

[[package]]
name = "regex-syntax"
version = "0.6.26"
source = "registry+https://github.com/rust-lang/crates.io-index"
checksum = "49b3de9ec5dc0a3417da371aab17d729997c15010e7fd24ff707773a33bddb64"

[[package]]
name = "ryu"
version = "1.0.10"
source = "registry+https://github.com/rust-lang/crates.io-index"
checksum = "f3f6f92acf49d1b98f7a81226834412ada05458b7364277387724a237f062695"

[[package]]
name = "semver"
version = "0.9.0"
source = "registry+https://github.com/rust-lang/crates.io-index"
checksum = "1d7eb9ef2c18661902cc47e535f9bc51b78acd254da71d375c2f6720d9a40403"
dependencies = [
 "semver-parser",
]

[[package]]
name = "semver-parser"
version = "0.7.0"
source = "registry+https://github.com/rust-lang/crates.io-index"
checksum = "388a1df253eca08550bef6c72392cfe7c30914bf41df5269b68cbd6ff8f570a3"

[[package]]
name = "serde"
version = "1.0.137"
source = "registry+https://github.com/rust-lang/crates.io-index"
checksum = "61ea8d54c77f8315140a05f4c7237403bf38b72704d031543aa1d16abbf517d1"

[[package]]
name = "serde_json"
version = "1.0.81"
source = "registry+https://github.com/rust-lang/crates.io-index"
checksum = "9b7ce2b32a1aed03c558dc61a5cd328f15aff2dbc17daad8fb8af04d2100e15c"
dependencies = [
 "indexmap",
 "itoa",
 "ryu",
 "serde",
]

[[package]]
name = "smallvec"
version = "1.8.0"
source = "registry+https://github.com/rust-lang/crates.io-index"
checksum = "f2dd574626839106c320a323308629dcb1acfc96e32a8cba364ddc61ac23ee83"
